
Microsoft Visual Studio Solution File, Format Version 12.00
# Visual Studio Version 17
VisualStudioVersion = 17.0.32126.317
MinimumVisualStudioVersion = 10.0.40219.1
Project("{FAE04EC0-301F-11D3-BF4B-00C04F79EFBC}") = "01. Secret Chat", "01. Secret Chat\01. Secret Chat.csproj", "{4DF10DA2-187A-43CC-9A18-05E76EE0CBF4}"
EndProject
Project("{FAE04EC0-301F-11D3-BF4B-00C04F79EFBC}") = "Problem 2 - Fancy Barcodes", "Problem 2 - Fancy Barcodes\Problem 2 - Fancy Barcodes.csproj", "{F774F696-DF14-4222-9FF3-0DFAA5E0B3D2}"
EndProject
Project("{FAE04EC0-301F-11D3-BF4B-00C04F79EFBC}") = "03The Pianist", "03The Pianist\03The Pianist.csproj", "{D2BC1FDF-F351-4B14-AFC0-CFBC42DB24B3}"
EndProject
Project("{FAE04EC0-301F-11D3-BF4B-00C04F79EFBC}") = "ConsoleApp1", "ConsoleApp1\ConsoleApp1.csproj", "{932741E3-4481-44D5-B80D-7CDFBBCA4BAB}"
EndProject
Global
	GlobalSection(SolutionConfigurationPlatforms) = preSolution
		Debug|Any CPU = Debug|Any CPU
		Release|Any CPU = Release|Any CPU
	EndGlobalSection
	GlobalSection(ProjectConfigurationPlatforms) = postSolution
		{4DF10DA2-187A-43CC-9A18-05E76EE0CBF4}.Debug|Any CPU.ActiveCfg = Debug|Any CPU
		{4DF10DA2-187A-43CC-9A18-05E76EE0CBF4}.Debug|Any CPU.Build.0 = Debug|Any CPU
		{4DF10DA2-187A-43CC-9A18-05E76EE0CBF4}.Release|Any CPU.ActiveCfg = Release|Any CPU
		{4DF10DA2-187A-43CC-9A18-05E76EE0CBF4}.Release|Any CPU.Build.0 = Release|Any CPU
		{F774F696-DF14-4222-9FF3-0DFAA5E0B3D2}.Debug|Any CPU.ActiveCfg = Debug|Any CPU
		{F774F696-DF14-4222-9FF3-0DFAA5E0B3D2}.Debug|Any CPU.Build.0 = Debug|Any CPU
		{F774F696-DF14-4222-9FF3-0DFAA5E0B3D2}.Release|Any CPU.ActiveCfg = Release|Any CPU
		{F774F696-DF14-4222-9FF3-0DFAA5E0B3D2}.Release|Any CPU.Build.0 = Release|Any CPU
		{D2BC1FDF-F351-4B14-AFC0-CFBC42DB24B3}.Debug|Any CPU.ActiveCfg = Debug|Any CPU
		{D2BC1FDF-F351-4B14-AFC0-CFBC42DB24B3}.Debug|Any CPU.Build.0 = Debug|Any CPU
		{D2BC1FDF-F351-4B14-AFC0-CFBC42DB24B3}.Release|Any CPU.ActiveCfg = Release|Any CPU
		{D2BC1FDF-F351-4B14-AFC0-CFBC42DB24B3}.Release|Any CPU.Build.0 = Release|Any CPU
		{932741E3-4481-44D5-B80D-7CDFBBCA4BAB}.Debug|Any CPU.ActiveCfg = Debug|Any CPU
		{932741E3-4481-44D5-B80D-7CDFBBCA4BAB}.Debug|Any CPU.Build.0 = Debug|Any CPU
		{932741E3-4481-44D5-B80D-7CDFBBCA4BAB}.Release|Any CPU.ActiveCfg = Release|Any CPU
		{932741E3-4481-44D5-B80D-7CDFBBCA4BAB}.Release|Any CPU.Build.0 = Release|Any CPU
	EndGlobalSection
	GlobalSection(SolutionProperties) = preSolution
		HideSolutionNode = FALSE
	EndGlobalSection
	GlobalSection(ExtensibilityGlobals) = postSolution
		SolutionGuid = {73B18C69-D013-44C4-97C8-363D0CDC8FD1}
	EndGlobalSection
EndGlobal
